
Microsoft Visual Studio Solution File, Format Version 12.00
# Visual Studio Version 17
VisualStudioVersion = 17.9.34714.143
MinimumVisualStudioVersion = 10.0.40219.1
Project("{FAE04EC0-301F-11D3-BF4B-00C04F79EFBC}") = "BatakoTool", "BatakoTool\BatakoTool.csproj", "{41F03F33-9FBA-C5E9-383A-3954FB96E9A3}"
EndProject
Global
	GlobalSection(SolutionConfigurationPlatforms) = preSolution
		Debug|Any CPU = Debug|Any CPU
		Release|Any CPU = Release|Any CPU
	EndGlobalSection
	GlobalSection(ProjectConfigurationPlatforms) = postSolution
		{41F03F33-9FBA-C5E9-383A-3954FB96E9A3}.Debug|Any CPU.ActiveCfg = Debug|Any CPU
		{41F03F33-9FBA-C5E9-383A-3954FB96E9A3}.Debug|Any CPU.Build.0 = Debug|Any CPU
		{41F03F33-9FBA-C5E9-383A-3954FB96E9A3}.Release|Any CPU.ActiveCfg = Release|Any CPU
		{41F03F33-9FBA-C5E9-383A-3954FB96E9A3}.Release|Any CPU.Build.0 = Release|Any CPU
	EndGlobalSection
	GlobalSection(SolutionProperties) = preSolution
		HideSolutionNode = FALSE
	EndGlobalSection
	GlobalSection(ExtensibilityGlobals) = postSolution
		SolutionGuid = {7E7B1D64-609A-4428-856C-2E831A1A2755}
	EndGlobalSection
EndGlobal
